<?xml version="1.0" encoding="UTF-8"?>
<CONFIG>
  <ProjectOptions>
    <Version Value="9"/>
    <PathDelim Value="\"/>
    <General>
      <MainUnit Value="0"/>
      <Title Value="Wachalarm-IP - Client"/>
      <ResourceType Value="res"/>
      <UseXPManifest Value="True"/>
      <Icon Value="0"/>
    </General>
    <i18n>
      <EnableI18N LFM="False"/>
    </i18n>
    <VersionInfo>
      <UseVersionInfo Value="True"/>
      <AutoIncrementBuild Value="True"/>
      <MajorVersionNr Value="2"/>
      <MinorVersionNr Value="8"/>
      <RevisionNr Value="0"/>
      <BuildNr Value="0"/>
      <Language Value="0407"/>
      <StringTable ProductVersion=""/>
    </VersionInfo>
    <BuildModes Count="1" Active="Default">
      <Item1 Name="Default" Default="True"/>
    </BuildModes>
    <PublishOptions>
      <Version Value="2"/>
      <IncludeFileFilter Value="*.(pas|pp|inc|lfm|lpr|lrs|lpi|lpk|sh|xml)"/>
      <ExcludeFileFilter Value="*.(bak|ppu|o|so);*~;backup"/>
    </PublishOptions>
    <RunParams>
      <local>
        <FormatVersion Value="1"/>
      </local>
    </RunParams>
    <RequiredPackages Count="1">
      <Item1>
        <PackageName Value="LCL"/>
      </Item1>
    </RequiredPackages>
    <Units Count="6">
      <Unit0>
        <Filename Value="Wachalarm-IP_Client.lpr"/>
        <IsPartOfProject Value="True"/>
        <EditorIndex Value="-1"/>
        <CursorPos Y="22"/>
        <UsageCount Value="210"/>
      </Unit0>
      <Unit1>
        <Filename Value="Main.pas"/>
        <IsPartOfProject Value="True"/>
        <ComponentName Value="Frm_Main"/>
        <HasResources Value="True"/>
        <ResourceBaseClass Value="Form"/>
        <IsVisibleTab Value="True"/>
        <TopLine Value="331"/>
        <CursorPos X="55" Y="368"/>
        <UsageCount Value="210"/>
        <Loaded Value="True"/>
        <LoadedDesigner Value="True"/>
      </Unit1>
      <Unit2>
        <Filename Value="Anzeige.pas"/>
        <IsPartOfProject Value="True"/>
        <ComponentName Value="Frm_Anzeige"/>
        <HasResources Value="True"/>
        <ResourceBaseClass Value="Form"/>
        <EditorIndex Value="-1"/>
        <CursorPos X="19" Y="122"/>
        <UsageCount Value="210"/>
      </Unit2>
      <Unit3>
        <Filename Value="Splash.pas"/>
        <IsPartOfProject Value="True"/>
        <ComponentName Value="Frm_Splash"/>
        <HasResources Value="True"/>
        <ResourceBaseClass Value="Form"/>
        <EditorIndex Value="-1"/>
        <CursorPos X="61" Y="38"/>
        <UsageCount Value="206"/>
      </Unit3>
      <Unit4>
        <Filename Value="Funktionen.pas"/>
        <IsPartOfProject Value="True"/>
        <EditorIndex Value="-1"/>
        <CursorPos X="26" Y="20"/>
        <FoldState Value=" T3i20M213 pjHlH0{11i"/>
        <UsageCount Value="200"/>
      </Unit4>
      <Unit5>
        <Filename Value="Main.lfm"/>
        <EditorIndex Value="-1"/>
        <CursorPos X="34" Y="14"/>
        <UsageCount Value="12"/>
        <DefaultSyntaxHighlighter Value="LFM"/>
      </Unit5>
      <Unit6>
        <Filename Value="FTPThread.pas"/>
        <IsPartOfProject Value="True"/>
        <EditorIndex Value="-1"/>
        <CursorPos X="27" Y="15"/>
        <UsageCount Value="22"/>
      </Unit6>
    </Units>
    <JumpHistory Count="20" HistoryIndex="19">
      <Position1>
        <Filename Value="Main.pas"/>
        <Caret Line="398" Column="79" TopLine="368"/>
      </Position1>
      <Position2>
        <Filename Value="Main.pas"/>
        <Caret Line="968" Column="3" TopLine="938"/>
      </Position2>
      <Position3>
        <Filename Value="Main.pas"/>
        <Caret Line="1047" Column="7" TopLine="64"/>
      </Position3>
      <Position4>
        <Filename Value="Main.pas"/>
        <Caret Line="1062" Column="145" TopLine="1026"/>
      </Position4>
      <Position5>
        <Filename Value="Main.pas"/>
        <Caret Line="1047" Column="26" TopLine="1019"/>
      </Position5>
      <Position6>
        <Filename Value="Main.pas"/>
        <Caret Line="1062" Column="97" TopLine="1034"/>
      </Position6>
      <Position7>
        <Filename Value="Main.pas"/>
        <Caret Line="48" Column="15" TopLine="20"/>
      </Position7>
      <Position8>
        <Filename Value="Main.pas"/>
        <Caret Line="1062" Column="20" TopLine="1034"/>
      </Position8>
      <Position9>
        <Filename Value="Main.pas"/>
        <Caret Line="44" Column="29" TopLine="16"/>
      </Position9>
      <Position10>
        <Filename Value="Main.pas"/>
        <Caret Line="1199" Column="26" TopLine="1179"/>
      </Position10>
      <Position11>
        <Filename Value="Main.pas"/>
        <Caret Line="1063" Column="45" TopLine="1034"/>
      </Position11>
      <Position12>
        <Filename Value="Main.pas"/>
        <Caret Line="44" Column="39" TopLine="7"/>
      </Position12>
      <Position13>
        <Filename Value="Main.pas"/>
        <Caret Line="15" Column="43"/>
      </Position13>
      <Position14>
        <Filename Value="Main.pas"/>
        <Caret Line="14" Column="72"/>
      </Position14>
      <Position15>
        <Filename Value="Main.pas"/>
        <Caret Line="1122" Column="121" TopLine="1088"/>
      </Position15>
      <Position16>
        <Filename Value="Main.pas"/>
        <Caret Line="1144" Column="102" TopLine="1110"/>
      </Position16>
      <Position17>
        <Filename Value="Main.pas"/>
        <Caret Line="1062" Column="47" TopLine="1027"/>
      </Position17>
      <Position18>
        <Filename Value="Main.pas"/>
        <Caret Line="344" Column="48" TopLine="305"/>
      </Position18>
      <Position19>
        <Filename Value="Main.pas"/>
        <Caret Line="368" Column="31" TopLine="145"/>
      </Position19>
      <Position20>
        <Filename Value="Main.pas"/>
        <Caret Line="154" Column="45" TopLine="128"/>
      </Position20>
    </JumpHistory>
  </ProjectOptions>
  <CompilerOptions>
    <Version Value="11"/>
    <PathDelim Value="\"/>
    <Target>
      <Filename Value="Wachalarm-IP-Client"/>
    </Target>
    <SearchPaths>
      <IncludeFiles Value="$(ProjOutDir)"/>
      <OtherUnitFiles Value="packages\synapse"/>
      <UnitOutputDirectory Value="lib\$(TargetCPU)-$(TargetOS)"/>
    </SearchPaths>
    <CodeGeneration>
      <SmartLinkUnit Value="True"/>
    </CodeGeneration>
    <Linking>
      <Debugging>
        <GenerateDebugInfo Value="False"/>
        <DebugInfoType Value="dsStabs"/>
        <UseLineInfoUnit Value="False"/>
        <StripSymbols Value="True"/>
      </Debugging>
      <LinkSmart Value="True"/>
      <Options>
        <Win32>
          <GraphicApplication Value="True"/>
        </Win32>
      </Options>
    </Linking>
  </CompilerOptions>
  <Debugging>
    <Watches Count="2">
      <Item1>
        <Expression Value="SE_Time_Ausnahme_von.Text"/>
        <DisplayStyle Value="wdfString"/>
      </Item1>
      <Item2>
        <Expression Value="SE_Time_Ausnahme_bis.text"/>
        <DisplayStyle Value="wdfString"/>
      </Item2>
    </Watches>
    <Exceptions Count="4">
      <Item1>
        <Name Value="EAbort"/>
      </Item1>
      <Item2>
        <Name Value="ECodetoolError"/>
      </Item2>
      <Item3>
        <Name Value="EFOpenError"/>
      </Item3>
      <Item4>
        <Name Value="EIdConnClosedGracefully"/>
      </Item4>
    </Exceptions>
  </Debugging>
</CONFIG>
