<?xml version="1.0" encoding="UTF-8"?>
<CONFIG>
  <ProjectOptions>
    <Version Value="9"/>
    <PathDelim Value="\"/>
    <General>
      <MainUnit Value="0"/>
      <Title Value="Wachalarm-IP - Client"/>
      <ResourceType Value="res"/>
      <UseXPManifest Value="True"/>
      <XPManifest>
        <DpiAware Value="True"/>
      </XPManifest>
      <Icon Value="0"/>
    </General>
    <i18n>
      <EnableI18N LFM="False"/>
    </i18n>
    <VersionInfo>
      <UseVersionInfo Value="True"/>
      <AutoIncrementBuild Value="True"/>
      <MajorVersionNr Value="2"/>
      <MinorVersionNr Value="8"/>
      <RevisionNr Value="2"/>
      <BuildNr Value="2"/>
      <Language Value="0407"/>
      <StringTable ProductVersion=""/>
    </VersionInfo>
    <BuildModes Count="1" Active="Default">
      <Item1 Name="Default" Default="True"/>
    </BuildModes>
    <PublishOptions>
      <Version Value="2"/>
      <IncludeFileFilter Value="*.(pas|pp|inc|lfm|lpr|lrs|lpi|lpk|sh|xml)"/>
      <ExcludeFileFilter Value="*.(bak|ppu|o|so);*~;backup"/>
    </PublishOptions>
    <RunParams>
      <local>
        <FormatVersion Value="1"/>
      </local>
    </RunParams>
    <RequiredPackages Count="1">
      <Item1>
        <PackageName Value="LCL"/>
      </Item1>
    </RequiredPackages>
    <Units Count="7">
      <Unit0>
        <Filename Value="Wachalarm-IP_Client.lpr"/>
        <IsPartOfProject Value="True"/>
        <EditorIndex Value="-1"/>
        <CursorPos Y="22"/>
        <UsageCount Value="210"/>
      </Unit0>
      <Unit1>
        <Filename Value="Main.pas"/>
        <IsPartOfProject Value="True"/>
        <ComponentName Value="Frm_Main"/>
        <HasResources Value="True"/>
        <ResourceBaseClass Value="Form"/>
        <TopLine Value="379"/>
        <CursorPos X="43" Y="396"/>
        <UsageCount Value="210"/>
        <Loaded Value="True"/>
        <LoadedDesigner Value="True"/>
      </Unit1>
      <Unit2>
        <Filename Value="Anzeige.pas"/>
        <IsPartOfProject Value="True"/>
        <ComponentName Value="Frm_Anzeige"/>
        <HasResources Value="True"/>
        <ResourceBaseClass Value="Form"/>
        <IsVisibleTab Value="True"/>
        <EditorIndex Value="1"/>
        <TopLine Value="290"/>
        <CursorPos X="40" Y="220"/>
        <UsageCount Value="210"/>
        <Loaded Value="True"/>
        <LoadedDesigner Value="True"/>
      </Unit2>
      <Unit3>
        <Filename Value="Splash.pas"/>
        <IsPartOfProject Value="True"/>
        <ComponentName Value="Frm_Splash"/>
        <HasResources Value="True"/>
        <ResourceBaseClass Value="Form"/>
        <EditorIndex Value="-1"/>
        <CursorPos X="61" Y="38"/>
        <UsageCount Value="206"/>
      </Unit3>
      <Unit4>
        <Filename Value="Funktionen.pas"/>
        <IsPartOfProject Value="True"/>
        <EditorIndex Value="2"/>
        <TopLine Value="114"/>
        <CursorPos X="5" Y="191"/>
        <UsageCount Value="200"/>
        <Loaded Value="True"/>
      </Unit4>
      <Unit5>
        <Filename Value="Main.lfm"/>
        <EditorIndex Value="-1"/>
        <CursorPos X="34" Y="14"/>
        <UsageCount Value="12"/>
        <DefaultSyntaxHighlighter Value="LFM"/>
      </Unit5>
      <Unit6>
        <Filename Value="FTPThread.pas"/>
        <IsPartOfProject Value="True"/>
        <EditorIndex Value="3"/>
        <TopLine Value="422"/>
        <CursorPos X="63" Y="13"/>
        <UsageCount Value="30"/>
        <Loaded Value="True"/>
      </Unit6>
    </Units>
    <JumpHistory Count="30" HistoryIndex="29">
      <Position1>
        <Filename Value="Main.pas"/>
        <Caret Line="396" Column="31" TopLine="345"/>
      </Position1>
      <Position2>
        <Filename Value="Anzeige.pas"/>
        <Caret Line="207" Column="19" TopLine="166"/>
      </Position2>
      <Position3>
        <Filename Value="Anzeige.pas"/>
        <Caret Line="208" Column="19" TopLine="166"/>
      </Position3>
      <Position4>
        <Filename Value="Anzeige.pas"/>
        <Caret Line="213" Column="19" TopLine="166"/>
      </Position4>
      <Position5>
        <Filename Value="Anzeige.pas"/>
        <Caret Line="214" Column="19" TopLine="166"/>
      </Position5>
      <Position6>
        <Filename Value="Anzeige.pas"/>
        <Caret Line="304" Column="40" TopLine="242"/>
      </Position6>
      <Position7>
        <Filename Value="Anzeige.pas"/>
        <Caret Line="35" Column="21"/>
      </Position7>
      <Position8>
        <Filename Value="Anzeige.pas"/>
        <Caret Line="52" Column="31"/>
      </Position8>
      <Position9>
        <Filename Value="Anzeige.pas"/>
        <Caret Line="141" Column="32" TopLine="108"/>
      </Position9>
      <Position10>
        <Filename Value="Anzeige.pas"/>
        <Caret Line="170" Column="64" TopLine="108"/>
      </Position10>
      <Position11>
        <Filename Value="Anzeige.pas"/>
        <Caret Line="151" Column="37" TopLine="121"/>
      </Position11>
      <Position12>
        <Filename Value="Anzeige.pas"/>
        <Caret Line="170" Column="64" TopLine="121"/>
      </Position12>
      <Position13>
        <Filename Value="Anzeige.pas"/>
        <Caret Line="183" Column="72" TopLine="121"/>
      </Position13>
      <Position14>
        <Filename Value="Anzeige.pas"/>
        <Caret Line="188" Column="70" TopLine="126"/>
      </Position14>
      <Position15>
        <Filename Value="Anzeige.pas"/>
        <Caret Line="204" Column="19" TopLine="142"/>
      </Position15>
      <Position16>
        <Filename Value="Anzeige.pas"/>
        <Caret Line="205" Column="19" TopLine="143"/>
      </Position16>
      <Position17>
        <Filename Value="Anzeige.pas"/>
        <Caret Line="206" Column="19" TopLine="144"/>
      </Position17>
      <Position18>
        <Filename Value="Anzeige.pas"/>
        <Caret Line="207" Column="19" TopLine="145"/>
      </Position18>
      <Position19>
        <Filename Value="Anzeige.pas"/>
        <Caret Line="208" Column="19" TopLine="146"/>
      </Position19>
      <Position20>
        <Filename Value="Anzeige.pas"/>
        <Caret Line="213" Column="19" TopLine="151"/>
      </Position20>
      <Position21>
        <Filename Value="Anzeige.pas"/>
        <Caret Line="214" Column="19" TopLine="152"/>
      </Position21>
      <Position22>
        <Filename Value="Anzeige.pas"/>
        <Caret Line="304" Column="40" TopLine="242"/>
      </Position22>
      <Position23>
        <Filename Value="Anzeige.pas"/>
        <Caret Line="35" Column="21"/>
      </Position23>
      <Position24>
        <Filename Value="Anzeige.pas"/>
        <Caret Line="52" Column="31"/>
      </Position24>
      <Position25>
        <Filename Value="Main.pas"/>
        <Caret Line="396" Column="17"/>
      </Position25>
      <Position26>
        <Filename Value="Main.pas"/>
        <Caret Line="332" Column="57" TopLine="271"/>
      </Position26>
      <Position27>
        <Filename Value="Main.pas"/>
        <Caret Line="396" Column="19" TopLine="334"/>
      </Position27>
      <Position28>
        <Filename Value="Main.pas"/>
        <Caret Line="407" Column="41" TopLine="345"/>
      </Position28>
      <Position29>
        <Filename Value="Main.pas"/>
        <Caret Line="396" Column="43" TopLine="379"/>
      </Position29>
      <Position30>
        <Filename Value="Anzeige.pas"/>
        <Caret Line="152" Column="39" TopLine="106"/>
      </Position30>
    </JumpHistory>
  </ProjectOptions>
  <CompilerOptions>
    <Version Value="11"/>
    <PathDelim Value="\"/>
    <Target>
      <Filename Value="Wachalarm-IP-Client"/>
    </Target>
    <SearchPaths>
      <IncludeFiles Value="$(ProjOutDir)"/>
      <OtherUnitFiles Value="packages\synapse"/>
      <UnitOutputDirectory Value="lib\$(TargetCPU)-$(TargetOS)"/>
    </SearchPaths>
    <CodeGeneration>
      <SmartLinkUnit Value="True"/>
    </CodeGeneration>
    <Linking>
      <Debugging>
        <GenerateDebugInfo Value="False"/>
        <DebugInfoType Value="dsStabs"/>
        <UseLineInfoUnit Value="False"/>
        <StripSymbols Value="True"/>
      </Debugging>
      <LinkSmart Value="True"/>
      <Options>
        <Win32>
          <GraphicApplication Value="True"/>
        </Win32>
      </Options>
    </Linking>
  </CompilerOptions>
  <Debugging>
    <Watches Count="2">
      <Item1>
        <Expression Value="SE_Time_Ausnahme_von.Text"/>
        <DisplayStyle Value="wdfString"/>
      </Item1>
      <Item2>
        <Expression Value="SE_Time_Ausnahme_bis.text"/>
        <DisplayStyle Value="wdfString"/>
      </Item2>
    </Watches>
    <Exceptions Count="4">
      <Item1>
        <Name Value="EAbort"/>
      </Item1>
      <Item2>
        <Name Value="ECodetoolError"/>
      </Item2>
      <Item3>
        <Name Value="EFOpenError"/>
      </Item3>
      <Item4>
        <Name Value="EIdConnClosedGracefully"/>
      </Item4>
    </Exceptions>
  </Debugging>
</CONFIG>
